
Microsoft Visual Studio Solution File, Format Version 12.00
# Visual Studio Version 17
VisualStudioVersion = 17.3.32825.248
MinimumVisualStudioVersion = 10.0.40219.1
Project("{FAE04EC0-301F-11D3-BF4B-00C04F79EFBC}") = "SudokuGame", "SudokuGame\SudokuGame.csproj", "{E281A614-4E8A-447B-8521-2A603F924BB8}"
EndProject
Global
	GlobalSection(SolutionConfigurationPlatforms) = preSolution
		Debug|Any CPU = Debug|Any CPU
		Release|Any CPU = Release|Any CPU
	EndGlobalSection
	GlobalSection(ProjectConfigurationPlatforms) = postSolution
		{E281A614-4E8A-447B-8521-2A603F924BB8}.Debug|Any CPU.ActiveCfg = Debug|Any CPU
		{E281A614-4E8A-447B-8521-2A603F924BB8}.Debug|Any CPU.Build.0 = Debug|Any CPU
		{E281A614-4E8A-447B-8521-2A603F924BB8}.Release|Any CPU.ActiveCfg = Release|Any CPU
		{E281A614-4E8A-447B-8521-2A603F924BB8}.Release|Any CPU.Build.0 = Release|Any CPU
	EndGlobalSection
	GlobalSection(SolutionProperties) = preSolution
		HideSolutionNode = FALSE
	EndGlobalSection
	GlobalSection(ExtensibilityGlobals) = postSolution
		SolutionGuid = {4FD24C88-5EE7-411B-8B42-A2E89A3BCCBC}
	EndGlobalSection
EndGlobal
